Microsoft Visual Studio Solution File, Format Version 12.00
# Visual Studio Version 16
VisualStudioVersion = 16.0.28714.193
MinimumVisualStudioVersion = 10.0.40219.1
Project("{9A19103F-16F7-4668-BE54-9A1E7A4F7556}") = "BomSweeper", "BomSweeper\BomSweeper.csproj", "{386704BF-4824-4B19-9907-60DB16D434B0}"
EndProject
Project("{9A19103F-16F7-4668-BE54-9A1E7A4F7556}") = "BomSweeper.Test", "BomSweeper.Test\BomSweeper.Test.csproj", "{A393C43C-2C38-4921-89E2-2B87F62D56DE}"
EndProject
Project("{9A19103F-16F7-4668-BE54-9A1E7A4F7556}") = "BomSweeper.GlobalTool", "BomSweeper.GlobalTool\BomSweeper.GlobalTool.csproj", "{3661017B-C54A-4DBD-BB74-6B35FFB97458}"
EndProject
Global
	GlobalSection(SolutionConfigurationPlatforms) = preSolution
		Debug|Any CPU = Debug|Any CPU
		Release|Any CPU = Release|Any CPU
	EndGlobalSection
	GlobalSection(ProjectConfigurationPlatforms) = postSolution
		{386704BF-4824-4B19-9907-60DB16D434B0}.Debug|Any CPU.ActiveCfg = Debug|Any CPU
		{386704BF-4824-4B19-9907-60DB16D434B0}.Debug|Any CPU.Build.0 = Debug|Any CPU
		{386704BF-4824-4B19-9907-60DB16D434B0}.Release|Any CPU.ActiveCfg = Release|Any CPU
		{386704BF-4824-4B19-9907-60DB16D434B0}.Release|Any CPU.Build.0 = Release|Any CPU
		{A393C43C-2C38-4921-89E2-2B87F62D56DE}.Debug|Any CPU.ActiveCfg = Debug|Any CPU
		{A393C43C-2C38-4921-89E2-2B87F62D56DE}.Debug|Any CPU.Build.0 = Debug|Any CPU
		{A393C43C-2C38-4921-89E2-2B87F62D56DE}.Release|Any CPU.ActiveCfg = Release|Any CPU
		{A393C43C-2C38-4921-89E2-2B87F62D56DE}.Release|Any CPU.Build.0 = Release|Any CPU
		{3661017B-C54A-4DBD-BB74-6B35FFB97458}.Debug|Any CPU.ActiveCfg = Debug|Any CPU
		{3661017B-C54A-4DBD-BB74-6B35FFB97458}.Debug|Any CPU.Build.0 = Debug|Any CPU
		{3661017B-C54A-4DBD-BB74-6B35FFB97458}.Release|Any CPU.ActiveCfg = Release|Any CPU
		{3661017B-C54A-4DBD-BB74-6B35FFB97458}.Release|Any CPU.Build.0 = Release|Any CPU
	EndGlobalSection
	GlobalSection(SolutionProperties) = preSolution
		HideSolutionNode = FALSE
	EndGlobalSection
	GlobalSection(ExtensibilityGlobals) = postSolution
		SolutionGuid = {E436ED92-CDC3-4BD7-AB72-6F3655F18BA7}
	EndGlobalSection
EndGlobal
